<?xml version="1.0" encoding="UTF-8"?>
<Scheme
   LastUpgradeVersion = "1430"
   version = "1.7">
   <BuildAction
      parallelizeBuildables = "YES"
      buildImplicitDependencies = "YES"
      runPostActionsOnFailure = "NO">
      <BuildActionEntries>
         <BuildActionEntry
            buildForTesting = "YES"
            buildForRunning = "NO"
            buildForProfiling = "NO"
            buildForArchiving = "NO"
            buildForAnalyzing = "NO">
            <BuildableReference
               BuildableIdentifier = "primary"
               BlueprintIdentifier = "FAF0D1C91D5BEF7D5E7B72B1"
               BuildableName = "PAMConfigTests.xctest"
               BlueprintName = "PAMConfigTests"
               ReferencedContainer = "container:Serberus.xcodeproj">
            </BuildableReference>
         </BuildActionEntry>
         <BuildActionEntry
            buildForTesting = "YES"
            buildForRunning = "NO"
            buildForProfiling = "NO"
            buildForArchiving = "NO"
            buildForAnalyzing = "NO">
            <BuildableReference
               BuildableIdentifier = "primary"
               BlueprintIdentifier = "EF0ECAF25BEC0D02CBBFB2E7"
               BuildableName = "PolicyBuilderCoreTests.xctest"
               BlueprintName = "PolicyBuilderCoreTests"
               ReferencedContainer = "container:Serberus.xcodeproj">
            </BuildableReference>
         </BuildActionEntry>
         <BuildActionEntry
            buildForTesting = "YES"
            buildForRunning = "NO"
            buildForProfiling = "NO"
            buildForArchiving = "NO"
            buildForAnalyzing = "NO">
            <BuildableReference
               BuildableIdentifier = "primary"
               BlueprintIdentifier = "BBAC6DF1F8A79BF9CF3B3E48"
               BuildableName = "PrivMgrCoreTests.xctest"
               BlueprintName = "PrivMgrCoreTests"
               ReferencedContainer = "container:Serberus.xcodeproj">
            </BuildableReference>
         </BuildActionEntry>
         <BuildActionEntry
            buildForTesting = "YES"
            buildForRunning = "NO"
            buildForProfiling = "NO"
            buildForArchiving = "NO"
            buildForAnalyzing = "NO">
            <BuildableReference
               BuildableIdentifier = "primary"
               BlueprintIdentifier = "D49DAE6F9BF7358EAA7F4FDF"
               BuildableName = "SerberusCLICoreTests.xctest"
               BlueprintName = "SerberusCLICoreTests"
               ReferencedContainer = "container:Serberus.xcodeproj">
            </BuildableReference>
         </BuildActionEntry>
         <BuildActionEntry
            buildForTesting = "YES"
            buildForRunning = "NO"
            buildForProfiling = "NO"
            buildForArchiving = "NO"
            buildForAnalyzing = "NO">
            <BuildableReference
               BuildableIdentifier = "primary"
               BlueprintIdentifier = "76B156B2BDFDC6182479DC63"
               BuildableName = "SerberusDaemonCoreTests.xctest"
               BlueprintName = "SerberusDaemonCoreTests"
               ReferencedContainer = "container:Serberus.xcodeproj">
            </BuildableReference>
         </BuildActionEntry>
         <BuildActionEntry
            buildForTesting = "YES"
            buildForRunning = "NO"
            buildForProfiling = "NO"
            buildForArchiving = "NO"
            buildForAnalyzing = "NO">
            <BuildableReference
               BuildableIdentifier = "primary"
               BlueprintIdentifier = "D9DFAD1877C566860A388BB4"
               BuildableName = "SerberusIntelCoreTests.xctest"
               BlueprintName = "SerberusIntelCoreTests"
               ReferencedContainer = "container:Serberus.xcodeproj">
            </BuildableReference>
         </BuildActionEntry>
         <BuildActionEntry
            buildForTesting = "YES"
            buildForRunning = "NO"
            buildForProfiling = "NO"
            buildForArchiving = "NO"
            buildForAnalyzing = "NO">
            <BuildableReference
               BuildableIdentifier = "primary"
               BlueprintIdentifier = "5AB73FF3DA412E2791502CE1"
               BuildableName = "SerberusSentinelCoreTests.xctest"
               BlueprintName = "SerberusSentinelCoreTests"
               ReferencedContainer = "container:Serberus.xcodeproj">
            </BuildableReference>
         </BuildActionEntry>
      </BuildActionEntries>
   </BuildAction>
   <TestAction
      buildConfiguration = "Debug"
      selectedDebuggerIdentifier = "Xcode.DebuggerFoundation.Debugger.LLDB"
      selectedLauncherIdentifier = "Xcode.DebuggerFoundation.Launcher.LLDB"
      shouldUseLaunchSchemeArgsEnv = "YES"
      onlyGenerateCoverageForSpecifiedTargets = "NO">
      <MacroExpansion>
         <BuildableReference
            BuildableIdentifier = "primary"
            BlueprintIdentifier = "FAF0D1C91D5BEF7D5E7B72B1"
            BuildableName = "PAMConfigTests.xctest"
            BlueprintName = "PAMConfigTests"
            ReferencedContainer = "container:Serberus.xcodeproj">
         </BuildableReference>
      </MacroExpansion>
      <Testables>
         <TestableReference
            skipped = "NO"
            parallelizable = "NO">
            <BuildableReference
               BuildableIdentifier = "primary"
               BlueprintIdentifier = "BBAC6DF1F8A79BF9CF3B3E48"
               BuildableName = "PrivMgrCoreTests.xctest"
               BlueprintName = "PrivMgrCoreTests"
               ReferencedContainer = "container:Serberus.xcodeproj">
            </BuildableReference>
         </TestableReference>
         <TestableReference
            skipped = "NO"
            parallelizable = "NO">
            <BuildableReference
               BuildableIdentifier = "primary"
               BlueprintIdentifier = "76B156B2BDFDC6182479DC63"
               BuildableName = "SerberusDaemonCoreTests.xctest"
               BlueprintName = "SerberusDaemonCoreTests"
               ReferencedContainer = "container:Serberus.xcodeproj">
            </BuildableReference>
         </TestableReference>
         <TestableReference
            skipped = "NO"
            parallelizable = "NO">
            <BuildableReference
               BuildableIdentifier = "primary"
               BlueprintIdentifier = "EF0ECAF25BEC0D02CBBFB2E7"
               BuildableName = "PolicyBuilderCoreTests.xctest"
               BlueprintName = "PolicyBuilderCoreTests"
               ReferencedContainer = "container:Serberus.xcodeproj">
            </BuildableReference>
         </TestableReference>
         <TestableReference
            skipped = "NO"
            parallelizable = "NO">
            <BuildableReference
               BuildableIdentifier = "primary"
               BlueprintIdentifier = "5AB73FF3DA412E2791502CE1"
               BuildableName = "SerberusSentinelCoreTests.xctest"
               BlueprintName = "SerberusSentinelCoreTests"
               ReferencedContainer = "container:Serberus.xcodeproj">
            </BuildableReference>
         </TestableReference>
         <TestableReference
            skipped = "NO"
            parallelizable = "NO">
            <BuildableReference
               BuildableIdentifier = "primary"
               BlueprintIdentifier = "D49DAE6F9BF7358EAA7F4FDF"
               BuildableName = "SerberusCLICoreTests.xctest"
               BlueprintName = "SerberusCLICoreTests"
               ReferencedContainer = "container:Serberus.xcodeproj">
            </BuildableReference>
         </TestableReference>
         <TestableReference
            skipped = "NO"
            parallelizable = "NO">
            <BuildableReference
               BuildableIdentifier = "primary"
               BlueprintIdentifier = "D9DFAD1877C566860A388BB4"
               BuildableName = "SerberusIntelCoreTests.xctest"
               BlueprintName = "SerberusIntelCoreTests"
               ReferencedContainer = "container:Serberus.xcodeproj">
            </BuildableReference>
         </TestableReference>
         <TestableReference
            skipped = "NO"
            parallelizable = "NO">
            <BuildableReference
               BuildableIdentifier = "primary"
               BlueprintIdentifier = "FAF0D1C91D5BEF7D5E7B72B1"
               BuildableName = "PAMConfigTests.xctest"
               BlueprintName = "PAMConfigTests"
               ReferencedContainer = "container:Serberus.xcodeproj">
            </BuildableReference>
         </TestableReference>
      </Testables>
      <CommandLineArguments>
      </CommandLineArguments>
   </TestAction>
   <LaunchAction
      buildConfiguration = "Debug"
      selectedDebuggerIdentifier = "Xcode.DebuggerFoundation.Debugger.LLDB"
      selectedLauncherIdentifier = "Xcode.DebuggerFoundation.Launcher.LLDB"
      launchStyle = "0"
      useCustomWorkingDirectory = "NO"
      ignoresPersistentStateOnLaunch = "NO"
      debugDocumentVersioning = "YES"
      debugServiceExtension = "internal"
      allowLocationSimulation = "YES">
      <MacroExpansion>
         <BuildableReference
            BuildableIdentifier = "primary"
            BlueprintIdentifier = "FAF0D1C91D5BEF7D5E7B72B1"
            BuildableName = "PAMConfigTests.xctest"
            BlueprintName = "PAMConfigTests"
            ReferencedContainer = "container:Serberus.xcodeproj">
         </BuildableReference>
      </MacroExpansion>
   </LaunchAction>
   <ProfileAction
      buildConfiguration = "Release"
      shouldUseLaunchSchemeArgsEnv = "YES"
      savedToolIdentifier = ""
      useCustomWorkingDirectory = "NO"
      debugDocumentVersioning = "YES">
      <MacroExpansion>
         <BuildableReference
            BuildableIdentifier = "primary"
            BlueprintIdentifier = "FAF0D1C91D5BEF7D5E7B72B1"
            BuildableName = "PAMConfigTests.xctest"
            BlueprintName = "PAMConfigTests"
            ReferencedContainer = "container:Serberus.xcodeproj">
         </BuildableReference>
      </MacroExpansion>
   </ProfileAction>
   <AnalyzeAction
      buildConfiguration = "Debug">
   </AnalyzeAction>
   <ArchiveAction
      buildConfiguration = "Release"
      revealArchiveInOrganizer = "YES">
   </ArchiveAction>
</Scheme>
